// !$*UTF8*$!
{
	archiveVersion = 1;
	classes = {
	};
	objectVersion = 46;
	objects = {

/* Begin PBXBuildFile section */
		9C026E141A644C6700FBF319 /* main.m in Sources */ = {isa = PBXBuildFile; fileRef = 9C026E131A644C6700FBF319 /* main.m */; };
		9C026E171A644C6700FBF319 /* AppDelegate.m in Sources */ = {isa = PBXBuildFile; fileRef = 9C026E161A644C6700FBF319 /* AppDelegate.m */; };
		9C026E1A1A644C6700FBF319 /* AppNativo.xcdatamodeld in Sources */ = {isa = PBXBuildFile; fileRef = 9C026E181A644C6700FBF319 /* AppNativo.xcdatamodeld */; };
		9C026E1D1A644C6700FBF319 /* ViewController.m in Sources */ = {isa = PBXBuildFile; fileRef = 9C026E1C1A644C6700FBF319 /* ViewController.m */; };
		9C026E201A644C6700FBF319 /* Main.storyboard in Resources */ = {isa = PBXBuildFile; fileRef = 9C026E1E1A644C6700FBF319 /* Main.storyboard */; };
		9C026E221A644C6700FBF319 /* Images.xcassets in Resources */ = {isa = PBXBuildFile; fileRef = 9C026E211A644C6700FBF319 /* Images.xcassets */; };
		9C026E251A644C6700FBF319 /* LaunchScreen.xib in Resources */ = {isa = PBXBuildFile; fileRef = 9C026E231A644C6700FBF319 /* LaunchScreen.xib */; };
		9C026E311A644C6700FBF319 /* AppNativoTests.m in Sources */ = {isa = PBXBuildFile; fileRef = 9C026E301A644C6700FBF319 /* AppNativoTests.m */; };
/* End PBXBuildFile section */

/* Begin PBXContainerItemProxy section */
		9C026E2B1A644C6700FBF319 /* PBXContainerItemProxy */ = {
			isa = PBXContainerItemProxy;
			containerPortal = 9C026E061A644C6700FBF319 /* Project object */;
			proxyType = 1;
			remoteGlobalIDString = 9C026E0D1A644C6700FBF319;
			remoteInfo = AppNativo;
		};
/* End PBXContainerItemProxy section */

/* Begin PBXFileReference section */
		9C026E0E1A644C6700FBF319 /* AppNativo.app */ = {isa = PBXFileReference; explicitFileType = wrapper.application; includeInIndex = 0; path = AppNativo.app; sourceTree = BUILT_PRODUCTS_DIR; };
		9C026E121A644C6700FBF319 /* Info.plist */ = {isa = PBXFileReference; lastKnownFileType = text.plist.xml; path = Info.plist; sourceTree = "<group>"; };
		9C026E131A644C6700FBF319 /* main.m */ = {isa = PBXFileReference; lastKnownFileType = sourcecode.c.objc; path = main.m; sourceTree = "<group>"; };
		9C026E151A644C6700FBF319 /* AppDelegate.h */ = {isa = PBXFileReference; lastKnownFileType = sourcecode.c.h; path = AppDelegate.h; sourceTree = "<group>"; };
		9C026E161A644C6700FBF319 /* AppDelegate.m */ = {isa = PBXFileReference; lastKnownFileType = sourcecode.c.objc; path = AppDelegate.m; sourceTree = "<group>"; };
		9C026E191A644C6700FBF319 /* AppNativo.xcdatamodel */ = {isa = PBXFileReference; lastKnownFileType = wrapper.xcdatamodel; path = AppNativo.xcdatamodel; sourceTree = "<group>"; };
		9C026E1B1A644C6700FBF319 /* ViewController.h */ = {isa = PBXFileReference; lastKnownFileType = sourcecode.c.h; path = ViewController.h; sourceTree = "<group>"; };
		9C026E1C1A644C6700FBF319 /* ViewController.m */ = {isa = PBXFileReference; lastKnownFileType = sourcecode.c.objc; path = ViewController.m; sourceTree = "<group>"; };
		9C026E1F1A644C6700FBF319 /* Base */ = {isa = PBXFileReference; lastKnownFileType = file.storyboard; name = Base; path = Base.lproj/Main.storyboard; sourceTree = "<group>"; };
		9C026E211A644C6700FBF319 /* Images.xcassets */ = {isa = PBXFileReference; lastKnownFileType = folder.assetcatalog; path = Images.xcassets; sourceTree = "<group>"; };
		9C026E241A644C6700FBF319 /* Base */ = {isa = PBXFileReference; lastKnownFileType = file.xib; name = Base; path = Base.lproj/LaunchScreen.xib; sourceTree = "<group>"; };
		9C026E2A1A644C6700FBF319 /* AppNativoTests.xctest */ = {isa = PBXFileReference; explicitFileType = wrapper.cfbundle; includeInIndex = 0; path = AppNativoTests.xctest; sourceTree = BUILT_PRODUCTS_DIR; };
		9C026E2F1A644C6700FBF319 /* Info.plist */ = {isa = PBXFileReference; lastKnownFileType = text.plist.xml; path = Info.plist; sourceTree = "<group>"; };
		9C026E301A644C6700FBF319 /* AppNativoTests.m */ = {isa = PBXFileReference; lastKnownFileType = sourcecode.c.objc; path = AppNativoTests.m; sourceTree = "<group>"; };
/* End PBXFileReference section */

/* Begin PBXFrameworksBuildPhase section */
		9C026E0B1A644C6700FBF319 /* Frameworks */ = {
			isa = PBXFrameworksBuildPhase;
			buildActionMask = 2147483647;
			files = (
			);
			runOnlyForDeploymentPostprocessing = 0;
		};
		9C026E271A644C6700FBF319 /* Frameworks */ = {
			isa = PBXFrameworksBuildPhase;
			buildActionMask = 2147483647;
			files = (
			);
			runOnlyForDeploymentPostprocessing = 0;
		};
/* End PBXFrameworksBuildPhase section */

/* Begin PBXGroup section */
		9C026E051A644C6700FBF319 = {
			isa = PBXGroup;
			children = (
				9C026E101A644C6700FBF319 /* AppNativo */,
				9C026E2D1A644C6700FBF319 /* AppNativoTests */,
				9C026E0F1A644C6700FBF319 /* Products */,
			);
			sourceTree = "<group>";
		};
		9C026E0F1A644C6700FBF319 /* Products */ = {
			isa = PBXGroup;
			children = (
				9C026E0E1A644C6700FBF319 /* AppNativo.app */,
				9C026E2A1A644C6700FBF319 /* AppNativoTests.xctest */,
			);
			name = Products;
			sourceTree = "<group>";
		};
		9C026E101A644C6700FBF319 /* AppNativo */ = {
			isa = PBXGroup;
			children = (
				9C026E151A644C6700FBF319 /* AppDelegate.h */,
				9C026E161A644C6700FBF319 /* AppDelegate.m */,
				9C026E1B1A644C6700FBF319 /* ViewController.h */,
				9C026E1C1A644C6700FBF319 /* ViewController.m */,
				9C026E1E1A644C6700FBF319 /* Main.storyboard */,
				9C026E211A644C6700FBF319 /* Images.xcassets */,
				9C026E231A644C6700FBF319 /* LaunchScreen.xib */,
				9C026E181A644C6700FBF319 /* AppNativo.xcdatamodeld */,
				9C026E111A644C6700FBF319 /* Supporting Files */,
			);
			path = AppNativo;
			sourceTree = "<group>";
		};
		9C026E111A644C6700FBF319 /* Supporting Files */ = {
			isa = PBXGroup;
			children = (
				9C026E121A644C6700FBF319 /* Info.plist */,
				9C026E131A644C6700FBF319 /* main.m */,
			);
			name = "Supporting Files";
			sourceTree = "<group>";
		};
		9C026E2D1A644C6700FBF319 /* AppNativoTests */ = {
			isa = PBXGroup;
			children = (
				9C026E301A644C6700FBF319 /* AppNativoTests.m */,
				9C026E2E1A644C6700FBF319 /* Supporting Files */,
			);
			path = AppNativoTests;
			sourceTree = "<group>";
		};
		9C026E2E1A644C6700FBF319 /* Supporting Files */ = {
			isa = PBXGroup;
			children = (
				9C026E2F1A644C6700FBF319 /* Info.plist */,
			);
			name = "Supporting Files";
			sourceTree = "<group>";
		};
/* End PBXGroup section */

/* Begin PBXNativeTarget section */
		9C026E0D1A644C6700FBF319 /* AppNativo */ = {
			isa = PBXNativeTarget;
			buildConfigurationList = 9C026E341A644C6700FBF319 /* Build configuration list for PBXNativeTarget "AppNativo" */;
			buildPhases = (
				9C026E0A1A644C6700FBF319 /* Sources */,
				9C026E0B1A644C6700FBF319 /* Frameworks */,
				9C026E0C1A644C6700FBF319 /* Resources */,
			);
			buildRules = (
			);
			dependencies = (
			);
			name = AppNativo;
			productName = AppNativo;
			productReference = 9C026E0E1A644C6700FBF319 /* AppNativo.app */;
			productType = "com.apple.product-type.application";
		};
		9C026E291A644C6700FBF319 /* AppNativoTests */ = {
			isa = PBXNativeTarget;
			buildConfigurationList = 9C026E371A644C6700FBF319 /* Build configuration list for PBXNativeTarget "AppNativoTests" */;
			buildPhases = (
				9C026E261A644C6700FBF319 /* Sources */,
				9C026E271A644C6700FBF319 /* Frameworks */,
				9C026E281A644C6700FBF319 /* Resources */,
			);
			buildRules = (
			);
			dependencies = (
				9C026E2C1A644C6700FBF319 /* PBXTargetDependency */,
			);
			name = AppNativoTests;
			productName = AppNativoTests;
			productReference = 9C026E2A1A644C6700FBF319 /* AppNativoTests.xctest */;
			productType = "com.apple.product-type.bundle.unit-test";
		};
/* End PBXNativeTarget section */

/* Begin PBXProject section */
		9C026E061A644C6700FBF319 /* Project object */ = {
			isa = PBXProject;
			attributes = {
				LastUpgradeCheck = 0620;
				ORGANIZATIONNAME = Facef;
				TargetAttributes = {
					9C026E0D1A644C6700FBF319 = {
						CreatedOnToolsVersion = 6.2;
					};
					9C026E291A644C6700FBF319 = {
						CreatedOnToolsVersion = 6.2;
						TestTargetID = 9C026E0D1A644C6700FBF319;
					};
				};
			};
			buildConfigurationList = 9C026E091A644C6700FBF319 /* Build configuration list for PBXProject "AppNativo" */;
			compatibilityVersion = "Xcode 3.2";
			developmentRegion = English;
			hasScannedForEncodings = 0;
			knownRegions = (
				en,
				Base,
			);
			mainGroup = 9C026E051A644C6700FBF319;
			productRefGroup = 9C026E0F1A644C6700FBF319 /* Products */;
			projectDirPath = "";
			projectRoot = "";
			targets = (
				9C026E0D1A644C6700FBF319 /* AppNativo */,
				9C026E291A644C6700FBF319 /* AppNativoTests */,
			);
		};
/* End PBXProject section */

/* Begin PBXResourcesBuildPhase section */
		9C026E0C1A644C6700FBF319 /* Resources */ = {
			isa = PBXResourcesBuildPhase;
			buildActionMask = 2147483647;
			files = (
				9C026E201A644C6700FBF319 /* Main.storyboard in Resources */,
				9C026E251A644C6700FBF319 /* LaunchScreen.xib in Resources */,
				9C026E221A644C6700FBF319 /* Images.xcassets in Resources */,
			);
			runOnlyForDeploymentPostprocessing = 0;
		};
		9C026E281A644C6700FBF319 /* Resources */ = {
			isa = PBXResourcesBuildPhase;
			buildActionMask = 2147483647;
			files = (
			);
			runOnlyForDeploymentPostprocessing = 0;
		};
/* End PBXResourcesBuildPhase section */

/* Begin PBXSourcesBuildPhase section */
		9C026E0A1A644C6700FBF319 /* Sources */ = {
			isa = PBXSourcesBuildPhase;
			buildActionMask = 2147483647;
			files = (
				9C026E171A644C6700FBF319 /* AppDelegate.m in Sources */,
				9C026E141A644C6700FBF319 /* main.m in Sources */,
				9C026E1D1A644C6700FBF319 /* ViewController.m in Sources */,
				9C026E1A1A644C6700FBF319 /* AppNativo.xcdatamodeld in Sources */,
			);
			runOnlyForDeploymentPostprocessing = 0;
		};
		9C026E261A644C6700FBF319 /* Sources */ = {
			isa = PBXSourcesBuildPhase;
			buildActionMask = 2147483647;
			files = (
				9C026E311A644C6700FBF319 /* AppNativoTests.m in Sources */,
			);
			runOnlyForDeploymentPostprocessing = 0;
		};
/* End PBXSourcesBuildPhase section */

/* Begin PBXTargetDependency section */
		9C026E2C1A644C6700FBF319 /* PBXTargetDependency */ = {
			isa = PBXTargetDependency;
			target = 9C026E0D1A644C6700FBF319 /* AppNativo */;
			targetProxy = 9C026E2B1A644C6700FBF319 /* PBXContainerItemProxy */;
		};
/* End PBXTargetDependency section */

/* Begin PBXVariantGroup section */
		9C026E1E1A644C6700FBF319 /* Main.storyboard */ = {
			isa = PBXVariantGroup;
			children = (
				9C026E1F1A644C6700FBF319 /* Base */,
			);
			name = Main.storyboard;
			sourceTree = "<group>";
		};
		9C026E231A644C6700FBF319 /* LaunchScreen.xib */ = {
			isa = PBXVariantGroup;
			children = (
				9C026E241A644C6700FBF319 /* Base */,
			);
			name = LaunchScreen.xib;
			sourceTree = "<group>";
		};
/* End PBXVariantGroup section */

/* Begin XCBuildConfiguration section */
		9C026E321A644C6700FBF319 /* Debug */ = {
			isa = XCBuildConfiguration;
			buildSettings = {
				ALWAYS_SEARCH_USER_PATHS = NO;
				CLANG_CXX_LANGUAGE_STANDARD = "gnu++0x";
				CLANG_CXX_LIBRARY = "libc++";
				CLANG_ENABLE_MODULES = YES;
				CLANG_ENABLE_OBJC_ARC = YES;
				CLANG_WARN_BOOL_CONVERSION = YES;
				CLANG_WARN_CONSTANT_CONVERSION = YES;
				CLANG_WARN_DIRECT_OBJC_ISA_USAGE = YES_ERROR;
				CLANG_WARN_EMPTY_BODY = YES;
				CLANG_WARN_ENUM_CONVERSION = YES;
				CLANG_WARN_INT_CONVERSION = YES;
				CLANG_WARN_OBJC_ROOT_CLASS = YES_ERROR;
				CLANG_WARN_UNREACHABLE_CODE = YES;
				CLANG_WARN__DUPLICATE_METHOD_MATCH = YES;
				"CODE_SIGN_IDENTITY[sdk=iphoneos*]" = "iPhone Developer";
				COPY_PHASE_STRIP = NO;
				ENABLE_STRICT_OBJC_MSGSEND = YES;
				GCC_C_LANGUAGE_STANDARD = gnu99;
				GCC_DYNAMIC_NO_PIC = NO;
				GCC_OPTIMIZATION_LEVEL = 0;
				GCC_PREPROCESSOR_DEFINITIONS = (
					"DEBUG=1",
					"$(inherited)",
				);
				GCC_SYMBOLS_PRIVATE_EXTERN = NO;
				GCC_WARN_64_TO_32_BIT_CONVERSION = YES;
				GCC_WARN_ABOUT_RETURN_TYPE = YES_ERROR;
				GCC_WARN_UNDECLARED_SELECTOR = YES;
				GCC_WARN_UNINITIALIZED_AUTOS = YES_AGGRESSIVE;
				GCC_WARN_UNUSED_FUNCTION = YES;
				GCC_WARN_UNUSED_VARIABLE = YES;
				IPHONEOS_DEPLOYMENT_TARGET = 8.2;
				MTL_ENABLE_DEBUG_INFO = YES;
				ONLY_ACTIVE_ARCH = YES;
				SDKROOT = iphoneos;
				TARGETED_DEVICE_FAMILY = "1,2";
			};
			name = Debug;
		};
		9C026E331A644C6700FBF319 /* Release */ = {
			isa = XCBuildConfiguration;
			buildSettings = {
				ALWAYS_SEARCH_USER_PATHS = NO;
				CLANG_CXX_LANGUAGE_STANDARD = "gnu++0x";
				CLANG_CXX_LIBRARY = "libc++";
				CLANG_ENABLE_MODULES = YES;
				CLANG_ENABLE_OBJC_ARC = YES;
				CLANG_WARN_BOOL_CONVERSION = YES;
				CLANG_WARN_CONSTANT_CONVERSION = YES;
				CLANG_WARN_DIRECT_OBJC_ISA_USAGE = YES_ERROR;
				CLANG_WARN_EMPTY_BODY = YES;
				CLANG_WARN_ENUM_CONVERSION = YES;
				CLANG_WARN_INT_CONVERSION = YES;
				CLANG_WARN_OBJC_ROOT_CLASS = YES_ERROR;
				CLANG_WARN_UNREACHABLE_CODE = YES;
				CLANG_WARN__DUPLICATE_METHOD_MATCH = YES;
				"CODE_SIGN_IDENTITY[sdk=iphoneos*]" = "iPhone Developer";
				COPY_PHASE_STRIP = NO;
				ENABLE_NS_ASSERTIONS = NO;
				ENABLE_STRICT_OBJC_MSGSEND = YES;
				GCC_C_LANGUAGE_STANDARD = gnu99;
				GCC_WARN_64_TO_32_BIT_CONVERSION = YES;
				GCC_WARN_ABOUT_RETURN_TYPE = YES_ERROR;
				GCC_WARN_UNDECLARED_SELECTOR = YES;
				GCC_WARN_UNINITIALIZED_AUTOS = YES_AGGRESSIVE;
				GCC_WARN_UNUSED_FUNCTION = YES;
				GCC_WARN_UNUSED_VARIABLE = YES;
				IPHONEOS_DEPLOYMENT_TARGET = 8.2;
				MTL_ENABLE_DEBUG_INFO = NO;
				SDKROOT = iphoneos;
				TARGETED_DEVICE_FAMILY = "1,2";
				VALIDATE_PRODUCT = YES;
			};
			name = Release;
		};
		9C026E351A644C6700FBF319 /* Debug */ = {
			isa = XCBuildConfiguration;
			buildSettings = {
				ASSETCATALOG_COMPILER_APPICON_NAME = AppIcon;
				INFOPLIST_FILE = AppNativo/Info.plist;
				LD_RUNPATH_SEARCH_PATHS = "$(inherited) @executable_path/Frameworks";
				PRODUCT_NAME = "$(TARGET_NAME)";
			};
			name = Debug;
		};
		9C026E361A644C6700FBF319 /* Release */ = {
			isa = XCBuildConfiguration;
			buildSettings = {
				ASSETCATALOG_COMPILER_APPICON_NAME = AppIcon;
				INFOPLIST_FILE = AppNativo/Info.plist;
				LD_RUNPATH_SEARCH_PATHS = "$(inherited) @executable_path/Frameworks";
				PRODUCT_NAME = "$(TARGET_NAME)";
			};
			name = Release;
		};
		9C026E381A644C6700FBF319 /* Debug */ = {
			isa = XCBuildConfiguration;
			buildSettings = {
				BUNDLE_LOADER = "$(TEST_HOST)";
				FRAMEWORK_SEARCH_PATHS = (
					"$(SDKROOT)/Developer/Library/Frameworks",
					"$(inherited)",
				);
				GCC_PREPROCESSOR_DEFINITIONS = (
					"DEBUG=1",
					"$(inherited)",
				);
				INFOPLIST_FILE = AppNativoTests/Info.plist;
				LD_RUNPATH_SEARCH_PATHS = "$(inherited) @executable_path/Frameworks @loader_path/Frameworks";
				PRODUCT_NAME = "$(TARGET_NAME)";
				TEST_HOST = "$(BUILT_PRODUCTS_DIR)/AppNativo.app/AppNativo";
			};
			name = Debug;
		};
		9C026E391A644C6700FBF319 /* Release */ = {
			isa = XCBuildConfiguration;
			buildSettings = {
				BUNDLE_LOADER = "$(TEST_HOST)";
				FRAMEWORK_SEARCH_PATHS = (
					"$(SDKROOT)/Developer/Library/Frameworks",
					"$(inherited)",
				);
				INFOPLIST_FILE = AppNativoTests/Info.plist;
				LD_RUNPATH_SEARCH_PATHS = "$(inherited) @executable_path/Frameworks @loader_path/Frameworks";
				PRODUCT_NAME = "$(TARGET_NAME)";
				TEST_HOST = "$(BUILT_PRODUCTS_DIR)/AppNativo.app/AppNativo";
			};
			name = Release;
		};
/* End XCBuildConfiguration section */

/* Begin XCConfigurationList section */
		9C026E091A644C6700FBF319 /* Build configuration list for PBXProject "AppNativo" */ = {
			isa = XCConfigurationList;
			buildConfigurations = (
				9C026E321A644C6700FBF319 /* Debug */,
				9C026E331A644C6700FBF319 /* Release */,
			);
			defaultConfigurationIsVisible = 0;
			defaultConfigurationName = Release;
		};
		9C026E341A644C6700FBF319 /* Build configuration list for PBXNativeTarget "AppNativo" */ = {
			isa = XCConfigurationList;
			buildConfigurations = (
				9C026E351A644C6700FBF319 /* Debug */,
				9C026E361A644C6700FBF319 /* Release */,
			);
			defaultConfigurationIsVisible = 0;
		};
		9C026E371A644C6700FBF319 /* Build configuration list for PBXNativeTarget "AppNativoTests" */ = {
			isa = XCConfigurationList;
			buildConfigurations = (
				9C026E381A644C6700FBF319 /* Debug */,
				9C026E391A644C6700FBF319 /* Release */,
			);
			defaultConfigurationIsVisible = 0;
		};
/* End XCConfigurationList section */

/* Begin XCVersionGroup section */
		9C026E181A644C6700FBF319 /* AppNativo.xcdatamodeld */ = {
			isa = XCVersionGroup;
			children = (
				9C026E191A644C6700FBF319 /* AppNativo.xcdatamodel */,
			);
			currentVersion = 9C026E191A644C6700FBF319 /* AppNativo.xcdatamodel */;
			path = AppNativo.xcdatamodeld;
			sourceTree = "<group>";
			versionGroupType = wrapper.xcdatamodel;
		};
/* End XCVersionGroup section */
	};
	rootObject = 9C026E061A644C6700FBF319 /* Project object */;
}
